
Microsoft Visual Studio Solution File, Format Version 12.00
# Visual Studio Version 17
VisualStudioVersion = 17.9.34728.123
MinimumVisualStudioVersion = 10.0.40219.1
Project("{888888A0-9F3D-457C-B088-3A5042F75D52}") = "nigga", "nigga\nigga.pyproj", "{4990F2F0-5EA7-42C1-9584-C9DA8FE90E86}"
EndProject
Global
	GlobalSection(SolutionConfigurationPlatforms) = preSolution
		Debug|Any CPU = Debug|Any CPU
		Release|Any CPU = Release|Any CPU
	EndGlobalSection
	GlobalSection(ProjectConfigurationPlatforms) = postSolution
		{4990F2F0-5EA7-42C1-9584-C9DA8FE90E86}.Debug|Any CPU.ActiveCfg = Debug|Any CPU
		{4990F2F0-5EA7-42C1-9584-C9DA8FE90E86}.Release|Any CPU.ActiveCfg = Release|Any CPU
	EndGlobalSection
	GlobalSection(SolutionProperties) = preSolution
		HideSolutionNode = FALSE
	EndGlobalSection
	GlobalSection(ExtensibilityGlobals) = postSolution
		SolutionGuid = {F41662A2-EDE9-4B23-9C3A-08D46683822B}
	EndGlobalSection
EndGlobal
